
Microsoft Visual Studio Solution File, Format Version 12.00
# Visual Studio Version 16
VisualStudioVersion = 16.0.31005.135
MinimumVisualStudioVersion = 10.0.40219.1
Project("{9A19103F-16F7-4668-BE54-9A1E7A4F7556}") = "BethanysPieShop", "BethanysPieShop\BethanysPieShop.csproj", "{8395506D-BD1D-4AB0-B81F-FCD0B8085E6B}"
EndProject
Project("{9A19103F-16F7-4668-BE54-9A1E7A4F7556}") = "BethanysPieShop.Entities", "BethanysPieShop.Entities\BethanysPieShop.Entities.csproj", "{7D5B3391-1E2F-4A7E-B50E-7FAB78F86CE7}"
EndProject
Project("{9A19103F-16F7-4668-BE54-9A1E7A4F7556}") = "BethanysPieShop.Data", "BethanysPieShop.Data\BethanysPieShop.Data.csproj", "{D404BA88-2412-44C7-84AB-A8D89878EB11}"
EndProject
Project("{9A19103F-16F7-4668-BE54-9A1E7A4F7556}") = "BethanysPieShop.Repository", "BethanysPieShop.Repository\BethanysPieShop.Repository.csproj", "{21D30B8A-5EE8-4A47-AE7D-0E50099F18AB}"
EndProject
Project("{9A19103F-16F7-4668-BE54-9A1E7A4F7556}") = "BethanysPieShop.Service", "BethanysPieShop.Service\BethanysPieShop.Service.csproj", "{A60E7C48-ECAB-40F2-BF00-FBDB00775DF1}"
EndProject
Global
	GlobalSection(SolutionConfigurationPlatforms) = preSolution
		Debug|Any CPU = Debug|Any CPU
		Release|Any CPU = Release|Any CPU
	EndGlobalSection
	GlobalSection(ProjectConfigurationPlatforms) = postSolution
		{8395506D-BD1D-4AB0-B81F-FCD0B8085E6B}.Debug|Any CPU.ActiveCfg = Debug|Any CPU
		{8395506D-BD1D-4AB0-B81F-FCD0B8085E6B}.Debug|Any CPU.Build.0 = Debug|Any CPU
		{8395506D-BD1D-4AB0-B81F-FCD0B8085E6B}.Release|Any CPU.ActiveCfg = Release|Any CPU
		{8395506D-BD1D-4AB0-B81F-FCD0B8085E6B}.Release|Any CPU.Build.0 = Release|Any CPU
		{7D5B3391-1E2F-4A7E-B50E-7FAB78F86CE7}.Debug|Any CPU.ActiveCfg = Debug|Any CPU
		{7D5B3391-1E2F-4A7E-B50E-7FAB78F86CE7}.Debug|Any CPU.Build.0 = Debug|Any CPU
		{7D5B3391-1E2F-4A7E-B50E-7FAB78F86CE7}.Release|Any CPU.ActiveCfg = Release|Any CPU
		{7D5B3391-1E2F-4A7E-B50E-7FAB78F86CE7}.Release|Any CPU.Build.0 = Release|Any CPU
		{D404BA88-2412-44C7-84AB-A8D89878EB11}.Debug|Any CPU.ActiveCfg = Debug|Any CPU
		{D404BA88-2412-44C7-84AB-A8D89878EB11}.Debug|Any CPU.Build.0 = Debug|Any CPU
		{D404BA88-2412-44C7-84AB-A8D89878EB11}.Release|Any CPU.ActiveCfg = Release|Any CPU
		{D404BA88-2412-44C7-84AB-A8D89878EB11}.Release|Any CPU.Build.0 = Release|Any CPU
		{21D30B8A-5EE8-4A47-AE7D-0E50099F18AB}.Debug|Any CPU.ActiveCfg = Debug|Any CPU
		{21D30B8A-5EE8-4A47-AE7D-0E50099F18AB}.Debug|Any CPU.Build.0 = Debug|Any CPU
		{21D30B8A-5EE8-4A47-AE7D-0E50099F18AB}.Release|Any CPU.ActiveCfg = Release|Any CPU
		{21D30B8A-5EE8-4A47-AE7D-0E50099F18AB}.Release|Any CPU.Build.0 = Release|Any CPU
		{A60E7C48-ECAB-40F2-BF00-FBDB00775DF1}.Debug|Any CPU.ActiveCfg = Debug|Any CPU
		{A60E7C48-ECAB-40F2-BF00-FBDB00775DF1}.Debug|Any CPU.Build.0 = Debug|Any CPU
		{A60E7C48-ECAB-40F2-BF00-FBDB00775DF1}.Release|Any CPU.ActiveCfg = Release|Any CPU
		{A60E7C48-ECAB-40F2-BF00-FBDB00775DF1}.Release|Any CPU.Build.0 = Release|Any CPU
	EndGlobalSection
	GlobalSection(SolutionProperties) = preSolution
		HideSolutionNode = FALSE
	EndGlobalSection
	GlobalSection(ExtensibilityGlobals) = postSolution
		SolutionGuid = {387C546C-26ED-4DA1-B1FB-EFC2DEA7D3BA}
	EndGlobalSection
EndGlobal
